// !$*UTF8*$!
{
	archiveVersion = 1;
	classes = {
	};
	objectVersion = 48;
	objects = {

/* Begin PBXBuildFile section */
		9F7AAA051FD2EB8E004845DD /* UIView+Extension.swift in Sources */ = {isa = PBXBuildFile; fileRef = 9F7AAA041FD2EB8E004845DD /* UIView+Extension.swift */; };
		9F7AAA071FD2EDCD004845DD /* CALayer+Extension.swift in Sources */ = {isa = PBXBuildFile; fileRef = 9F7AAA061FD2EDCD004845DD /* CALayer+Extension.swift */; };
		9F9CED1A1FD2E0FE0028261C /* AppDelegate.swift in Sources */ = {isa = PBXBuildFile; fileRef = 9F9CED191FD2E0FE0028261C /* AppDelegate.swift */; };
		9F9CED1C1FD2E0FE0028261C /* CategoryViewController.swift in Sources */ = {isa = PBXBuildFile; fileRef = 9F9CED1B1FD2E0FE0028261C /* CategoryViewController.swift */; };
		9F9CED1F1FD2E0FE0028261C /* Main.storyboard in Resources */ = {isa = PBXBuildFile; fileRef = 9F9CED1D1FD2E0FE0028261C /* Main.storyboard */; };
		9F9CED211FD2E0FE0028261C /* Assets.xcassets in Resources */ = {isa = PBXBuildFile; fileRef = 9F9CED201FD2E0FE0028261C /* Assets.xcassets */; };
		9F9CED241FD2E0FE0028261C /* LaunchScreen.storyboard in Resources */ = {isa = PBXBuildFile; fileRef = 9F9CED221FD2E0FE0028261C /* LaunchScreen.storyboard */; };
		9FD956F51FD2E5EB0072535C /* CategoryCell.swift in Sources */ = {isa = PBXBuildFile; fileRef = 9FD956F41FD2E5EB0072535C /* CategoryCell.swift */; };
		9FD956F71FD2E60B0072535C /* CategoryCell.xib in Resources */ = {isa = PBXBuildFile; fileRef = 9FD956F61FD2E60B0072535C /* CategoryCell.xib */; };
		9FD956FA1FD2E7B20072535C /* Category.swift in Sources */ = {isa = PBXBuildFile; fileRef = 9FD956F91FD2E7B20072535C /* Category.swift */; };
/* End PBXBuildFile section */

/* Begin PBXFileReference section */
		9F7AAA041FD2EB8E004845DD /* UIView+Extension.swift */ = {isa = PBXFileReference; lastKnownFileType = sourcecode.swift; path = "UIView+Extension.swift"; sourceTree = "<group>"; };
		9F7AAA061FD2EDCD004845DD /* CALayer+Extension.swift */ = {isa = PBXFileReference; lastKnownFileType = sourcecode.swift; path = "CALayer+Extension.swift"; sourceTree = "<group>"; };
		9F9CED161FD2E0FE0028261C /* BardProject.app */ = {isa = PBXFileReference; explicitFileType = wrapper.application; includeInIndex = 0; path = BardProject.app; sourceTree = BUILT_PRODUCTS_DIR; };
		9F9CED191FD2E0FE0028261C /* AppDelegate.swift */ = {isa = PBXFileReference; lastKnownFileType = sourcecode.swift; path = AppDelegate.swift; sourceTree = "<group>"; };
		9F9CED1B1FD2E0FE0028261C /* CategoryViewController.swift */ = {isa = PBXFileReference; lastKnownFileType = sourcecode.swift; path = CategoryViewController.swift; sourceTree = "<group>"; };
		9F9CED1E1FD2E0FE0028261C /* Base */ = {isa = PBXFileReference; lastKnownFileType = file.storyboard; name = Base; path = Base.lproj/Main.storyboard; sourceTree = "<group>"; };
		9F9CED201FD2E0FE0028261C /* Assets.xcassets */ = {isa = PBXFileReference; lastKnownFileType = folder.assetcatalog; path = Assets.xcassets; sourceTree = "<group>"; };
		9F9CED231FD2E0FE0028261C /* Base */ = {isa = PBXFileReference; lastKnownFileType = file.storyboard; name = Base; path = Base.lproj/LaunchScreen.storyboard; sourceTree = "<group>"; };
		9F9CED251FD2E0FE0028261C /* Info.plist */ = {isa = PBXFileReference; lastKnownFileType = text.plist.xml; path = Info.plist; sourceTree = "<group>"; };
		9FD956F41FD2E5EB0072535C /* CategoryCell.swift */ = {isa = PBXFileReference; lastKnownFileType = sourcecode.swift; path = CategoryCell.swift; sourceTree = "<group>"; };
		9FD956F61FD2E60B0072535C /* CategoryCell.xib */ = {isa = PBXFileReference; lastKnownFileType = file.xib; path = CategoryCell.xib; sourceTree = "<group>"; };
		9FD956F91FD2E7B20072535C /* Category.swift */ = {isa = PBXFileReference; lastKnownFileType = sourcecode.swift; path = Category.swift; sourceTree = "<group>"; };
/* End PBXFileReference section */

/* Begin PBXFrameworksBuildPhase section */
		9F9CED131FD2E0FE0028261C /* Frameworks */ = {
			isa = PBXFrameworksBuildPhase;
			buildActionMask = 2147483647;
			files = (
			);
			runOnlyForDeploymentPostprocessing = 0;
		};
/* End PBXFrameworksBuildPhase section */

/* Begin PBXGroup section */
		9F7AAA031FD2EB68004845DD /* Extension */ = {
			isa = PBXGroup;
			children = (
				9F7AAA041FD2EB8E004845DD /* UIView+Extension.swift */,
				9F7AAA061FD2EDCD004845DD /* CALayer+Extension.swift */,
			);
			path = Extension;
			sourceTree = "<group>";
		};
		9F9CED0D1FD2E0FE0028261C = {
			isa = PBXGroup;
			children = (
				9F9CED181FD2E0FE0028261C /* BardProject */,
				9F9CED171FD2E0FE0028261C /* Products */,
			);
			sourceTree = "<group>";
		};
		9F9CED171FD2E0FE0028261C /* Products */ = {
			isa = PBXGroup;
			children = (
				9F9CED161FD2E0FE0028261C /* BardProject.app */,
			);
			name = Products;
			sourceTree = "<group>";
		};
		9F9CED181FD2E0FE0028261C /* BardProject */ = {
			isa = PBXGroup;
			children = (
				9F7AAA031FD2EB68004845DD /* Extension */,
				9FD956F81FD2E7A40072535C /* Model */,
				9FD956F31FD2E5D70072535C /* Cells */,
				9FD956F21FD2E5CF0072535C /* Controllers */,
				9F9CED191FD2E0FE0028261C /* AppDelegate.swift */,
				9F9CED1D1FD2E0FE0028261C /* Main.storyboard */,
				9F9CED201FD2E0FE0028261C /* Assets.xcassets */,
				9F9CED221FD2E0FE0028261C /* LaunchScreen.storyboard */,
				9F9CED251FD2E0FE0028261C /* Info.plist */,
			);
			path = BardProject;
			sourceTree = "<group>";
		};
		9FD956F21FD2E5CF0072535C /* Controllers */ = {
			isa = PBXGroup;
			children = (
				9F9CED1B1FD2E0FE0028261C /* CategoryViewController.swift */,
			);
			path = Controllers;
			sourceTree = "<group>";
		};
		9FD956F31FD2E5D70072535C /* Cells */ = {
			isa = PBXGroup;
			children = (
				9FD956F41FD2E5EB0072535C /* CategoryCell.swift */,
				9FD956F61FD2E60B0072535C /* CategoryCell.xib */,
			);
			path = Cells;
			sourceTree = "<group>";
		};
		9FD956F81FD2E7A40072535C /* Model */ = {
			isa = PBXGroup;
			children = (
				9FD956F91FD2E7B20072535C /* Category.swift */,
			);
			path = Model;
			sourceTree = "<group>";
		};
/* End PBXGroup section */

/* Begin PBXNativeTarget section */
		9F9CED151FD2E0FE0028261C /* BardProject */ = {
			isa = PBXNativeTarget;
			buildConfigurationList = 9F9CED281FD2E0FE0028261C /* Build configuration list for PBXNativeTarget "BardProject" */;
			buildPhases = (
				9F9CED121FD2E0FE0028261C /* Sources */,
				9F9CED131FD2E0FE0028261C /* Frameworks */,
				9F9CED141FD2E0FE0028261C /* Resources */,
			);
			buildRules = (
			);
			dependencies = (
			);
			name = BardProject;
			productName = BardProject;
			productReference = 9F9CED161FD2E0FE0028261C /* BardProject.app */;
			productType = "com.apple.product-type.application";
		};
/* End PBXNativeTarget section */

/* Begin PBXProject section */
		9F9CED0E1FD2E0FE0028261C /* Project object */ = {
			isa = PBXProject;
			attributes = {
				LastSwiftUpdateCheck = 0910;
				LastUpgradeCheck = 0910;
				ORGANIZATIONNAME = bard;
				TargetAttributes = {
					9F9CED151FD2E0FE0028261C = {
						CreatedOnToolsVersion = 9.1;
						ProvisioningStyle = Automatic;
					};
				};
			};
			buildConfigurationList = 9F9CED111FD2E0FE0028261C /* Build configuration list for PBXProject "BardProject" */;
			compatibilityVersion = "Xcode 8.0";
			developmentRegion = en;
			hasScannedForEncodings = 0;
			knownRegions = (
				en,
				Base,
			);
			mainGroup = 9F9CED0D1FD2E0FE0028261C;
			productRefGroup = 9F9CED171FD2E0FE0028261C /* Products */;
			projectDirPath = "";
			projectRoot = "";
			targets = (
				9F9CED151FD2E0FE0028261C /* BardProject */,
			);
		};
/* End PBXProject section */

/* Begin PBXResourcesBuildPhase section */
		9F9CED141FD2E0FE0028261C /* Resources */ = {
			isa = PBXResourcesBuildPhase;
			buildActionMask = 2147483647;
			files = (
				9F9CED241FD2E0FE0028261C /* LaunchScreen.storyboard in Resources */,
				9F9CED211FD2E0FE0028261C /* Assets.xcassets in Resources */,
				9F9CED1F1FD2E0FE0028261C /* Main.storyboard in Resources */,
				9FD956F71FD2E60B0072535C /* CategoryCell.xib in Resources */,
			);
			runOnlyForDeploymentPostprocessing = 0;
		};
/* End PBXResourcesBuildPhase section */

/* Begin PBXSourcesBuildPhase section */
		9F9CED121FD2E0FE0028261C /* Sources */ = {
			isa = PBXSourcesBuildPhase;
			buildActionMask = 2147483647;
			files = (
				9F9CED1C1FD2E0FE0028261C /* CategoryViewController.swift in Sources */,
				9F9CED1A1FD2E0FE0028261C /* AppDelegate.swift in Sources */,
				9FD956F51FD2E5EB0072535C /* CategoryCell.swift in Sources */,
				9F7AAA051FD2EB8E004845DD /* UIView+Extension.swift in Sources */,
				9FD956FA1FD2E7B20072535C /* Category.swift in Sources */,
				9F7AAA071FD2EDCD004845DD /* CALayer+Extension.swift in Sources */,
			);
			runOnlyForDeploymentPostprocessing = 0;
		};
/* End PBXSourcesBuildPhase section */

/* Begin PBXVariantGroup section */
		9F9CED1D1FD2E0FE0028261C /* Main.storyboard */ = {
			isa = PBXVariantGroup;
			children = (
				9F9CED1E1FD2E0FE0028261C /* Base */,
			);
			name = Main.storyboard;
			sourceTree = "<group>";
		};
		9F9CED221FD2E0FE0028261C /* LaunchScreen.storyboard */ = {
			isa = PBXVariantGroup;
			children = (
				9F9CED231FD2E0FE0028261C /* Base */,
			);
			name = LaunchScreen.storyboard;
			sourceTree = "<group>";
		};
/* End PBXVariantGroup section */

/* Begin XCBuildConfiguration section */
		9F9CED261FD2E0FE0028261C /* Debug */ = {
			isa = XCBuildConfiguration;
			buildSettings = {
				ALWAYS_SEARCH_USER_PATHS = NO;
				CLANG_ANALYZER_NONNULL = YES;
				CLANG_ANALYZER_NUMBER_OBJECT_CONVERSION = YES_AGGRESSIVE;
				CLANG_CXX_LANGUAGE_STANDARD = "gnu++14";
				CLANG_CXX_LIBRARY = "libc++";
				CLANG_ENABLE_MODULES = YES;
				CLANG_ENABLE_OBJC_ARC = YES;
				CLANG_WARN_BLOCK_CAPTURE_AUTORELEASING = YES;
				CLANG_WARN_BOOL_CONVERSION = YES;
				CLANG_WARN_COMMA = YES;
				CLANG_WARN_CONSTANT_CONVERSION = YES;
				CLANG_WARN_DIRECT_OBJC_ISA_USAGE = YES_ERROR;
				CLANG_WARN_DOCUMENTATION_COMMENTS = YES;
				CLANG_WARN_EMPTY_BODY = YES;
				CLANG_WARN_ENUM_CONVERSION = YES;
				CLANG_WARN_INFINITE_RECURSION = YES;
				CLANG_WARN_INT_CONVERSION = YES;
				CLANG_WARN_NON_LITERAL_NULL_CONVERSION = YES;
				CLANG_WARN_OBJC_LITERAL_CONVERSION = YES;
				CLANG_WARN_OBJC_ROOT_CLASS = YES_ERROR;
				CLANG_WARN_RANGE_LOOP_ANALYSIS = YES;
				CLANG_WARN_STRICT_PROTOTYPES = YES;
				CLANG_WARN_SUSPICIOUS_MOVE = YES;
				CLANG_WARN_UNGUARDED_AVAILABILITY = YES_AGGRESSIVE;
				CLANG_WARN_UNREACHABLE_CODE = YES;
				CLANG_WARN__DUPLICATE_METHOD_MATCH = YES;
				CODE_SIGN_IDENTITY = "iPhone Developer";
				COPY_PHASE_STRIP = NO;
				DEBUG_INFORMATION_FORMAT = dwarf;
				ENABLE_STRICT_OBJC_MSGSEND = YES;
				ENABLE_TESTABILITY = YES;
				GCC_C_LANGUAGE_STANDARD = gnu11;
				GCC_DYNAMIC_NO_PIC = NO;
				GCC_NO_COMMON_BLOCKS = YES;
				GCC_OPTIMIZATION_LEVEL = 0;
				GCC_PREPROCESSOR_DEFINITIONS = (
					"DEBUG=1",
					"$(inherited)",
				);
				GCC_WARN_64_TO_32_BIT_CONVERSION = YES;
				GCC_WARN_ABOUT_RETURN_TYPE = YES_ERROR;
				GCC_WARN_UNDECLARED_SELECTOR = YES;
				GCC_WARN_UNINITIALIZED_AUTOS = YES_AGGRESSIVE;
				GCC_WARN_UNUSED_FUNCTION = YES;
				GCC_WARN_UNUSED_VARIABLE = YES;
				IPHONEOS_DEPLOYMENT_TARGET = 11.1;
				MTL_ENABLE_DEBUG_INFO = YES;
				ONLY_ACTIVE_ARCH = YES;
				SDKROOT = iphoneos;
				SWIFT_ACTIVE_COMPILATION_CONDITIONS = DEBUG;
				SWIFT_OPTIMIZATION_LEVEL = "-Onone";
			};
			name = Debug;
		};
		9F9CED271FD2E0FE0028261C /* Release */ = {
			isa = XCBuildConfiguration;
			buildSettings = {
				ALWAYS_SEARCH_USER_PATHS = NO;
				CLANG_ANALYZER_NONNULL = YES;
				CLANG_ANALYZER_NUMBER_OBJECT_CONVERSION = YES_AGGRESSIVE;
				CLANG_CXX_LANGUAGE_STANDARD = "gnu++14";
				CLANG_CXX_LIBRARY = "libc++";
				CLANG_ENABLE_MODULES = YES;
				CLANG_ENABLE_OBJC_ARC = YES;
				CLANG_WARN_BLOCK_CAPTURE_AUTORELEASING = YES;
				CLANG_WARN_BOOL_CONVERSION = YES;
				CLANG_WARN_COMMA = YES;
				CLANG_WARN_CONSTANT_CONVERSION = YES;
				CLANG_WARN_DIRECT_OBJC_ISA_USAGE = YES_ERROR;
				CLANG_WARN_DOCUMENTATION_COMMENTS = YES;
				CLANG_WARN_EMPTY_BODY = YES;
				CLANG_WARN_ENUM_CONVERSION = YES;
				CLANG_WARN_INFINITE_RECURSION = YES;
				CLANG_WARN_INT_CONVERSION = YES;
				CLANG_WARN_NON_LITERAL_NULL_CONVERSION = YES;
				CLANG_WARN_OBJC_LITERAL_CONVERSION = YES;
				CLANG_WARN_OBJC_ROOT_CLASS = YES_ERROR;
				CLANG_WARN_RANGE_LOOP_ANALYSIS = YES;
				CLANG_WARN_STRICT_PROTOTYPES = YES;
				CLANG_WARN_SUSPICIOUS_MOVE = YES;
				CLANG_WARN_UNGUARDED_AVAILABILITY = YES_AGGRESSIVE;
				CLANG_WARN_UNREACHABLE_CODE = YES;
				CLANG_WARN__DUPLICATE_METHOD_MATCH = YES;
				CODE_SIGN_IDENTITY = "iPhone Developer";
				COPY_PHASE_STRIP = NO;
				DEBUG_INFORMATION_FORMAT = "dwarf-with-dsym";
				ENABLE_NS_ASSERTIONS = NO;
				ENABLE_STRICT_OBJC_MSGSEND = YES;
				GCC_C_LANGUAGE_STANDARD = gnu11;
				GCC_NO_COMMON_BLOCKS = YES;
				GCC_WARN_64_TO_32_BIT_CONVERSION = YES;
				GCC_WARN_ABOUT_RETURN_TYPE = YES_ERROR;
				GCC_WARN_UNDECLARED_SELECTOR = YES;
				GCC_WARN_UNINITIALIZED_AUTOS = YES_AGGRESSIVE;
				GCC_WARN_UNUSED_FUNCTION = YES;
				GCC_WARN_UNUSED_VARIABLE = YES;
				IPHONEOS_DEPLOYMENT_TARGET = 11.1;
				MTL_ENABLE_DEBUG_INFO = NO;
				SDKROOT = iphoneos;
				SWIFT_OPTIMIZATION_LEVEL = "-Owholemodule";
				VALIDATE_PRODUCT = YES;
			};
			name = Release;
		};
		9F9CED291FD2E0FE0028261C /* Debug */ = {
			isa = XCBuildConfiguration;
			buildSettings = {
				ASSETCATALOG_COMPILER_APPICON_NAME = AppIcon;
				CODE_SIGN_STYLE = Automatic;
				INFOPLIST_FILE = BardProject/Info.plist;
				LD_RUNPATH_SEARCH_PATHS = "$(inherited) @executable_path/Frameworks";
				PRODUCT_BUNDLE_IDENTIFIER = com.bard.BardProject;
				PRODUCT_NAME = "$(TARGET_NAME)";
				SWIFT_VERSION = 4.0;
				TARGETED_DEVICE_FAMILY = "1,2";
			};
			name = Debug;
		};
		9F9CED2A1FD2E0FE0028261C /* Release */ = {
			isa = XCBuildConfiguration;
			buildSettings = {
				ASSETCATALOG_COMPILER_APPICON_NAME = AppIcon;
				CODE_SIGN_STYLE = Automatic;
				INFOPLIST_FILE = BardProject/Info.plist;
				LD_RUNPATH_SEARCH_PATHS = "$(inherited) @executable_path/Frameworks";
				PRODUCT_BUNDLE_IDENTIFIER = com.bard.BardProject;
				PRODUCT_NAME = "$(TARGET_NAME)";
				SWIFT_VERSION = 4.0;
				TARGETED_DEVICE_FAMILY = "1,2";
			};
			name = Release;
		};
/* End XCBuildConfiguration section */

/* Begin XCConfigurationList section */
		9F9CED111FD2E0FE0028261C /* Build configuration list for PBXProject "BardProject" */ = {
			isa = XCConfigurationList;
			buildConfigurations = (
				9F9CED261FD2E0FE0028261C /* Debug */,
				9F9CED271FD2E0FE0028261C /* Release */,
			);
			defaultConfigurationIsVisible = 0;
			defaultConfigurationName = Release;
		};
		9F9CED281FD2E0FE0028261C /* Build configuration list for PBXNativeTarget "BardProject" */ = {
			isa = XCConfigurationList;
			buildConfigurations = (
				9F9CED291FD2E0FE0028261C /* Debug */,
				9F9CED2A1FD2E0FE0028261C /* Release */,
			);
			defaultConfigurationIsVisible = 0;
			defaultConfigurationName = Release;
		};
/* End XCConfigurationList section */
	};
	rootObject = 9F9CED0E1FD2E0FE0028261C /* Project object */;
}
