// !$*UTF8*$!
{
	archiveVersion = 1;
	classes = {
	};
	objectVersion = 48;
	objects = {

/* Begin PBXBuildFile section */
		95432DD1A707489984706939 /* Pods_BardProject.framework in Frameworks */ = {isa = PBXBuildFile; fileRef = 4108A6041DFC6D3C14F5DDF9 /* Pods_BardProject.framework */; };
		9F49A68E1FD2F28C002080D7 /* Network.swift in Sources */ = {isa = PBXBuildFile; fileRef = 9F49A68D1FD2F28C002080D7 /* Network.swift */; };
		9F49A6911FD2F307002080D7 /* CategoryService.swift in Sources */ = {isa = PBXBuildFile; fileRef = 9F49A6901FD2F307002080D7 /* CategoryService.swift */; };
		9F49A6931FD2F335002080D7 /* BardApi.swift in Sources */ = {isa = PBXBuildFile; fileRef = 9F49A6921FD2F335002080D7 /* BardApi.swift */; };
		9F49A6961FD2F68F002080D7 /* MasterSlideViewController.swift in Sources */ = {isa = PBXBuildFile; fileRef = 9F49A6951FD2F68F002080D7 /* MasterSlideViewController.swift */; };
		9F49A6991FD3095E002080D7 /* CategoryContract.swift in Sources */ = {isa = PBXBuildFile; fileRef = 9F49A6981FD3095E002080D7 /* CategoryContract.swift */; };
		9F49A69B1FD31009002080D7 /* MediaContract.swift in Sources */ = {isa = PBXBuildFile; fileRef = 9F49A69A1FD31009002080D7 /* MediaContract.swift */; };
		9F49A69D1FD311A3002080D7 /* Media.swift in Sources */ = {isa = PBXBuildFile; fileRef = 9F49A69C1FD311A3002080D7 /* Media.swift */; };
		9F49A69F1FD311E2002080D7 /* MediaService.swift in Sources */ = {isa = PBXBuildFile; fileRef = 9F49A69E1FD311E2002080D7 /* MediaService.swift */; };
		9F49A6A11FD32CB9002080D7 /* CategoryCell.swift in Sources */ = {isa = PBXBuildFile; fileRef = 9F49A6A01FD32CB9002080D7 /* CategoryCell.swift */; };
		9F49A6A31FD32CFF002080D7 /* UIView+Extension.swift in Sources */ = {isa = PBXBuildFile; fileRef = 9F49A6A21FD32CFF002080D7 /* UIView+Extension.swift */; };
		9F7AAA071FD2EDCD004845DD /* CALayer+Extension.swift in Sources */ = {isa = PBXBuildFile; fileRef = 9F7AAA061FD2EDCD004845DD /* CALayer+Extension.swift */; };
		9F9CED1A1FD2E0FE0028261C /* AppDelegate.swift in Sources */ = {isa = PBXBuildFile; fileRef = 9F9CED191FD2E0FE0028261C /* AppDelegate.swift */; };
		9F9CED1C1FD2E0FE0028261C /* CategoryViewController.swift in Sources */ = {isa = PBXBuildFile; fileRef = 9F9CED1B1FD2E0FE0028261C /* CategoryViewController.swift */; };
		9F9CED1F1FD2E0FE0028261C /* Main.storyboard in Resources */ = {isa = PBXBuildFile; fileRef = 9F9CED1D1FD2E0FE0028261C /* Main.storyboard */; };
		9F9CED211FD2E0FE0028261C /* Assets.xcassets in Resources */ = {isa = PBXBuildFile; fileRef = 9F9CED201FD2E0FE0028261C /* Assets.xcassets */; };
		9F9CED241FD2E0FE0028261C /* LaunchScreen.storyboard in Resources */ = {isa = PBXBuildFile; fileRef = 9F9CED221FD2E0FE0028261C /* LaunchScreen.storyboard */; };
		9FD956F71FD2E60B0072535C /* CategoryCell.xib in Resources */ = {isa = PBXBuildFile; fileRef = 9FD956F61FD2E60B0072535C /* CategoryCell.xib */; };
		9FD956FA1FD2E7B20072535C /* Category.swift in Sources */ = {isa = PBXBuildFile; fileRef = 9FD956F91FD2E7B20072535C /* Category.swift */; };
		BA472D131FD31390007C77B4 /* UIImage+Extension.swift in Sources */ = {isa = PBXBuildFile; fileRef = BA472D121FD31390007C77B4 /* UIImage+Extension.swift */; };
		BA472D151FD31675007C77B4 /* test.gif in Resources */ = {isa = PBXBuildFile; fileRef = BA472D141FD31674007C77B4 /* test.gif */; };
		BA472D171FD3171D007C77B4 /* Segues.swift in Sources */ = {isa = PBXBuildFile; fileRef = BA472D161FD3171D007C77B4 /* Segues.swift */; };
		BA472D1A1FD3194F007C77B4 /* SlideCell.swift in Sources */ = {isa = PBXBuildFile; fileRef = BA472D181FD3194F007C77B4 /* SlideCell.swift */; };
		BA472D1B1FD3194F007C77B4 /* SlideCell.xib in Resources */ = {isa = PBXBuildFile; fileRef = BA472D191FD3194F007C77B4 /* SlideCell.xib */; };
		BA472D1D1FD31B7A007C77B4 /* SlidesViewController.swift in Sources */ = {isa = PBXBuildFile; fileRef = BA472D1C1FD31B7A007C77B4 /* SlidesViewController.swift */; };
		BA472D1F1FD32EED007C77B4 /* SuggestionsViewController.swift in Sources */ = {isa = PBXBuildFile; fileRef = BA472D1E1FD32EED007C77B4 /* SuggestionsViewController.swift */; };
		BA472D221FD32F4F007C77B4 /* SuggestionCell.swift in Sources */ = {isa = PBXBuildFile; fileRef = BA472D201FD32F4F007C77B4 /* SuggestionCell.swift */; };
		BA472D231FD32F4F007C77B4 /* SuggestionCell.xib in Resources */ = {isa = PBXBuildFile; fileRef = BA472D211FD32F4F007C77B4 /* SuggestionCell.xib */; };
/* End PBXBuildFile section */

/* Begin PBXFileReference section */
		1E28613763CBE124A867A1FE /* Pods-BardProject.debug.xcconfig */ = {isa = PBXFileReference; includeInIndex = 1; lastKnownFileType = text.xcconfig; name = "Pods-BardProject.debug.xcconfig"; path = "Pods/Target Support Files/Pods-BardProject/Pods-BardProject.debug.xcconfig"; sourceTree = "<group>"; };
		4108A6041DFC6D3C14F5DDF9 /* Pods_BardProject.framework */ = {isa = PBXFileReference; explicitFileType = wrapper.framework; includeInIndex = 0; path = Pods_BardProject.framework; sourceTree = BUILT_PRODUCTS_DIR; };
		56431DAC0CCEA390C0A3BEA9 /* Pods-BardProject.release.xcconfig */ = {isa = PBXFileReference; includeInIndex = 1; lastKnownFileType = text.xcconfig; name = "Pods-BardProject.release.xcconfig"; path = "Pods/Target Support Files/Pods-BardProject/Pods-BardProject.release.xcconfig"; sourceTree = "<group>"; };
		9F49A68D1FD2F28C002080D7 /* Network.swift */ = {isa = PBXFileReference; lastKnownFileType = sourcecode.swift; path = Network.swift; sourceTree = "<group>"; };
		9F49A6901FD2F307002080D7 /* CategoryService.swift */ = {isa = PBXFileReference; lastKnownFileType = sourcecode.swift; path = CategoryService.swift; sourceTree = "<group>"; };
		9F49A6921FD2F335002080D7 /* BardApi.swift */ = {isa = PBXFileReference; lastKnownFileType = sourcecode.swift; path = BardApi.swift; sourceTree = "<group>"; };
		9F49A6951FD2F68F002080D7 /* MasterSlideViewController.swift */ = {isa = PBXFileReference; lastKnownFileType = sourcecode.swift; path = MasterSlideViewController.swift; sourceTree = "<group>"; };
		9F49A6981FD3095E002080D7 /* CategoryContract.swift */ = {isa = PBXFileReference; lastKnownFileType = sourcecode.swift; path = CategoryContract.swift; sourceTree = "<group>"; };
		9F49A69A1FD31009002080D7 /* MediaContract.swift */ = {isa = PBXFileReference; lastKnownFileType = sourcecode.swift; path = MediaContract.swift; sourceTree = "<group>"; };
		9F49A69C1FD311A3002080D7 /* Media.swift */ = {isa = PBXFileReference; lastKnownFileType = sourcecode.swift; path = Media.swift; sourceTree = "<group>"; };
		9F49A69E1FD311E2002080D7 /* MediaService.swift */ = {isa = PBXFileReference; lastKnownFileType = sourcecode.swift; path = MediaService.swift; sourceTree = "<group>"; };
		9F49A6A01FD32CB9002080D7 /* CategoryCell.swift */ = {isa = PBXFileReference; fileEncoding = 4; lastKnownFileType = sourcecode.swift; path = CategoryCell.swift; sourceTree = "<group>"; };
		9F49A6A21FD32CFF002080D7 /* UIView+Extension.swift */ = {isa = PBXFileReference; fileEncoding = 4; lastKnownFileType = sourcecode.swift; path = "UIView+Extension.swift"; sourceTree = "<group>"; };
		9F7AAA061FD2EDCD004845DD /* CALayer+Extension.swift */ = {isa = PBXFileReference; lastKnownFileType = sourcecode.swift; path = "CALayer+Extension.swift"; sourceTree = "<group>"; };
		9F9CED161FD2E0FE0028261C /* BardProject.app */ = {isa = PBXFileReference; explicitFileType = wrapper.application; includeInIndex = 0; path = BardProject.app; sourceTree = BUILT_PRODUCTS_DIR; };
		9F9CED191FD2E0FE0028261C /* AppDelegate.swift */ = {isa = PBXFileReference; lastKnownFileType = sourcecode.swift; path = AppDelegate.swift; sourceTree = "<group>"; };
		9F9CED1B1FD2E0FE0028261C /* CategoryViewController.swift */ = {isa = PBXFileReference; lastKnownFileType = sourcecode.swift; path = CategoryViewController.swift; sourceTree = "<group>"; };
		9F9CED1E1FD2E0FE0028261C /* Base */ = {isa = PBXFileReference; lastKnownFileType = file.storyboard; name = Base; path = Base.lproj/Main.storyboard; sourceTree = "<group>"; };
		9F9CED201FD2E0FE0028261C /* Assets.xcassets */ = {isa = PBXFileReference; lastKnownFileType = folder.assetcatalog; path = Assets.xcassets; sourceTree = "<group>"; };
		9F9CED231FD2E0FE0028261C /* Base */ = {isa = PBXFileReference; lastKnownFileType = file.storyboard; name = Base; path = Base.lproj/LaunchScreen.storyboard; sourceTree = "<group>"; };
		9F9CED251FD2E0FE0028261C /* Info.plist */ = {isa = PBXFileReference; lastKnownFileType = text.plist.xml; path = Info.plist; sourceTree = "<group>"; };
		9FD956F61FD2E60B0072535C /* CategoryCell.xib */ = {isa = PBXFileReference; lastKnownFileType = file.xib; path = CategoryCell.xib; sourceTree = "<group>"; };
		9FD956F91FD2E7B20072535C /* Category.swift */ = {isa = PBXFileReference; lastKnownFileType = sourcecode.swift; path = Category.swift; sourceTree = "<group>"; };
		BA472D101FD2F6B4007C77B4 /* Bard.swift */ = {isa = PBXFileReference; lastKnownFileType = sourcecode.swift; path = Bard.swift; sourceTree = "<group>"; };
		BA472D121FD31390007C77B4 /* UIImage+Extension.swift */ = {isa = PBXFileReference; lastKnownFileType = sourcecode.swift; path = "UIImage+Extension.swift"; sourceTree = "<group>"; };
		BA472D141FD31674007C77B4 /* test.gif */ = {isa = PBXFileReference; lastKnownFileType = image.gif; path = test.gif; sourceTree = "<group>"; };
		BA472D161FD3171D007C77B4 /* Segues.swift */ = {isa = PBXFileReference; lastKnownFileType = sourcecode.swift; path = Segues.swift; sourceTree = "<group>"; };
		BA472D181FD3194F007C77B4 /* SlideCell.swift */ = {isa = PBXFileReference; lastKnownFileType = sourcecode.swift; path = SlideCell.swift; sourceTree = "<group>"; };
		BA472D191FD3194F007C77B4 /* SlideCell.xib */ = {isa = PBXFileReference; lastKnownFileType = file.xib; path = SlideCell.xib; sourceTree = "<group>"; };
		BA472D1C1FD31B7A007C77B4 /* SlidesViewController.swift */ = {isa = PBXFileReference; lastKnownFileType = sourcecode.swift; path = SlidesViewController.swift; sourceTree = "<group>"; };
		BA472D1E1FD32EED007C77B4 /* SuggestionsViewController.swift */ = {isa = PBXFileReference; lastKnownFileType = sourcecode.swift; path = SuggestionsViewController.swift; sourceTree = "<group>"; };
		BA472D201FD32F4F007C77B4 /* SuggestionCell.swift */ = {isa = PBXFileReference; lastKnownFileType = sourcecode.swift; path = SuggestionCell.swift; sourceTree = "<group>"; };
		BA472D211FD32F4F007C77B4 /* SuggestionCell.xib */ = {isa = PBXFileReference; lastKnownFileType = file.xib; path = SuggestionCell.xib; sourceTree = "<group>"; };
/* End PBXFileReference section */

/* Begin PBXFrameworksBuildPhase section */
		9F9CED131FD2E0FE0028261C /* Frameworks */ = {
			isa = PBXFrameworksBuildPhase;
			buildActionMask = 2147483647;
			files = (
				95432DD1A707489984706939 /* Pods_BardProject.framework in Frameworks */,
			);
			runOnlyForDeploymentPostprocessing = 0;
		};
/* End PBXFrameworksBuildPhase section */

/* Begin PBXGroup section */
		46F1B5140BAD7B74394DA36D /* Pods */ = {
			isa = PBXGroup;
			children = (
				1E28613763CBE124A867A1FE /* Pods-BardProject.debug.xcconfig */,
				56431DAC0CCEA390C0A3BEA9 /* Pods-BardProject.release.xcconfig */,
			);
			name = Pods;
			sourceTree = "<group>";
		};
		9BA256F69EC636CBC4DA8A55 /* Frameworks */ = {
			isa = PBXGroup;
			children = (
				4108A6041DFC6D3C14F5DDF9 /* Pods_BardProject.framework */,
			);
			name = Frameworks;
			sourceTree = "<group>";
		};
		9F49A68C1FD2F262002080D7 /* Network */ = {
			isa = PBXGroup;
			children = (
				9F49A68D1FD2F28C002080D7 /* Network.swift */,
			);
			path = Network;
			sourceTree = "<group>";
		};
		9F49A68F1FD2F2F1002080D7 /* API */ = {
			isa = PBXGroup;
			children = (
				9F49A6921FD2F335002080D7 /* BardApi.swift */,
			);
			path = API;
			sourceTree = "<group>";
		};
		9F49A6941FD2F39E002080D7 /* Service */ = {
			isa = PBXGroup;
			children = (
				9F49A6971FD3094D002080D7 /* Contracts */,
				9F49A6901FD2F307002080D7 /* CategoryService.swift */,
				9F49A69E1FD311E2002080D7 /* MediaService.swift */,
			);
			path = Service;
			sourceTree = "<group>";
		};
		9F49A6971FD3094D002080D7 /* Contracts */ = {
			isa = PBXGroup;
			children = (
				9F49A6981FD3095E002080D7 /* CategoryContract.swift */,
				9F49A69A1FD31009002080D7 /* MediaContract.swift */,
			);
			path = Contracts;
			sourceTree = "<group>";
		};
		9F7AAA031FD2EB68004845DD /* Extension */ = {
			isa = PBXGroup;
			children = (
				9F49A6A21FD32CFF002080D7 /* UIView+Extension.swift */,
				9F7AAA061FD2EDCD004845DD /* CALayer+Extension.swift */,
				BA472D121FD31390007C77B4 /* UIImage+Extension.swift */,
			);
			path = Extension;
			sourceTree = "<group>";
		};
		9F9CED0D1FD2E0FE0028261C = {
			isa = PBXGroup;
			children = (
				9F9CED181FD2E0FE0028261C /* BardProject */,
				9F9CED171FD2E0FE0028261C /* Products */,
				46F1B5140BAD7B74394DA36D /* Pods */,
				9BA256F69EC636CBC4DA8A55 /* Frameworks */,
			);
			sourceTree = "<group>";
		};
		9F9CED171FD2E0FE0028261C /* Products */ = {
			isa = PBXGroup;
			children = (
				9F9CED161FD2E0FE0028261C /* BardProject.app */,
			);
			name = Products;
			sourceTree = "<group>";
		};
		9F9CED181FD2E0FE0028261C /* BardProject */ = {
			isa = PBXGroup;
			children = (
				BA472D0F1FD2F6A8007C77B4 /* Speech */,
				9F49A6941FD2F39E002080D7 /* Service */,
				9F49A68F1FD2F2F1002080D7 /* API */,
				9F49A68C1FD2F262002080D7 /* Network */,
				9F7AAA031FD2EB68004845DD /* Extension */,
				9FD956F81FD2E7A40072535C /* Model */,
				9FD956F31FD2E5D70072535C /* Cells */,
				9FD956F21FD2E5CF0072535C /* Controllers */,
				9F9CED191FD2E0FE0028261C /* AppDelegate.swift */,
				9F9CED1D1FD2E0FE0028261C /* Main.storyboard */,
				9F9CED201FD2E0FE0028261C /* Assets.xcassets */,
				BA472D141FD31674007C77B4 /* test.gif */,
				9F9CED221FD2E0FE0028261C /* LaunchScreen.storyboard */,
				9F9CED251FD2E0FE0028261C /* Info.plist */,
			);
			path = BardProject;
			sourceTree = "<group>";
		};
		9FD956F21FD2E5CF0072535C /* Controllers */ = {
			isa = PBXGroup;
			children = (
				BA472D161FD3171D007C77B4 /* Segues.swift */,
				9F9CED1B1FD2E0FE0028261C /* CategoryViewController.swift */,
				9F49A6951FD2F68F002080D7 /* MasterSlideViewController.swift */,
				BA472D1C1FD31B7A007C77B4 /* SlidesViewController.swift */,
				BA472D1E1FD32EED007C77B4 /* SuggestionsViewController.swift */,
			);
			path = Controllers;
			sourceTree = "<group>";
		};
		9FD956F31FD2E5D70072535C /* Cells */ = {
			isa = PBXGroup;
			children = (
				9F49A6A01FD32CB9002080D7 /* CategoryCell.swift */,
				9FD956F61FD2E60B0072535C /* CategoryCell.xib */,
				BA472D181FD3194F007C77B4 /* SlideCell.swift */,
				BA472D191FD3194F007C77B4 /* SlideCell.xib */,
				BA472D201FD32F4F007C77B4 /* SuggestionCell.swift */,
				BA472D211FD32F4F007C77B4 /* SuggestionCell.xib */,
			);
			path = Cells;
			sourceTree = "<group>";
		};
		9FD956F81FD2E7A40072535C /* Model */ = {
			isa = PBXGroup;
			children = (
				9FD956F91FD2E7B20072535C /* Category.swift */,
				9F49A69C1FD311A3002080D7 /* Media.swift */,
			);
			path = Model;
			sourceTree = "<group>";
		};
		BA472D0F1FD2F6A8007C77B4 /* Speech */ = {
			isa = PBXGroup;
			children = (
				BA472D101FD2F6B4007C77B4 /* Bard.swift */,
			);
			path = Speech;
			sourceTree = "<group>";
		};
/* End PBXGroup section */

/* Begin PBXNativeTarget section */
		9F9CED151FD2E0FE0028261C /* BardProject */ = {
			isa = PBXNativeTarget;
			buildConfigurationList = 9F9CED281FD2E0FE0028261C /* Build configuration list for PBXNativeTarget "BardProject" */;
			buildPhases = (
				779C88BE6A0A19C5BB4B3E10 /* [CP] Check Pods Manifest.lock */,
				9F9CED121FD2E0FE0028261C /* Sources */,
				9F9CED131FD2E0FE0028261C /* Frameworks */,
				9F9CED141FD2E0FE0028261C /* Resources */,
				07FA939081E7F3B7F87B76B7 /* [CP] Embed Pods Frameworks */,
				9A66A10DE96FB4849743D9E4 /* [CP] Copy Pods Resources */,
			);
			buildRules = (
			);
			dependencies = (
			);
			name = BardProject;
			productName = BardProject;
			productReference = 9F9CED161FD2E0FE0028261C /* BardProject.app */;
			productType = "com.apple.product-type.application";
		};
/* End PBXNativeTarget section */

/* Begin PBXProject section */
		9F9CED0E1FD2E0FE0028261C /* Project object */ = {
			isa = PBXProject;
			attributes = {
				LastSwiftUpdateCheck = 0910;
				LastUpgradeCheck = 0910;
				ORGANIZATIONNAME = bard;
				TargetAttributes = {
					9F9CED151FD2E0FE0028261C = {
						CreatedOnToolsVersion = 9.1;
						ProvisioningStyle = Automatic;
					};
				};
			};
			buildConfigurationList = 9F9CED111FD2E0FE0028261C /* Build configuration list for PBXProject "BardProject" */;
			compatibilityVersion = "Xcode 8.0";
			developmentRegion = en;
			hasScannedForEncodings = 0;
			knownRegions = (
				en,
				Base,
			);
			mainGroup = 9F9CED0D1FD2E0FE0028261C;
			productRefGroup = 9F9CED171FD2E0FE0028261C /* Products */;
			projectDirPath = "";
			projectRoot = "";
			targets = (
				9F9CED151FD2E0FE0028261C /* BardProject */,
			);
		};
/* End PBXProject section */

/* Begin PBXResourcesBuildPhase section */
		9F9CED141FD2E0FE0028261C /* Resources */ = {
			isa = PBXResourcesBuildPhase;
			buildActionMask = 2147483647;
			files = (
				9F9CED241FD2E0FE0028261C /* LaunchScreen.storyboard in Resources */,
				BA472D231FD32F4F007C77B4 /* SuggestionCell.xib in Resources */,
				BA472D1B1FD3194F007C77B4 /* SlideCell.xib in Resources */,
				9F9CED211FD2E0FE0028261C /* Assets.xcassets in Resources */,
				9F9CED1F1FD2E0FE0028261C /* Main.storyboard in Resources */,
				BA472D151FD31675007C77B4 /* test.gif in Resources */,
				9FD956F71FD2E60B0072535C /* CategoryCell.xib in Resources */,
			);
			runOnlyForDeploymentPostprocessing = 0;
		};
/* End PBXResourcesBuildPhase section */

/* Begin PBXShellScriptBuildPhase section */
		07FA939081E7F3B7F87B76B7 /* [CP] Embed Pods Frameworks */ = {
			isa = PBXShellScriptBuildPhase;
			buildActionMask = 2147483647;
			files = (
			);
			inputPaths = (
				"${SRCROOT}/Pods/Target Support Files/Pods-BardProject/Pods-BardProject-frameworks.sh",
				"${BUILT_PRODUCTS_DIR}/Alamofire/Alamofire.framework",
				"${BUILT_PRODUCTS_DIR}/AlamofireImage/AlamofireImage.framework",
			);
			name = "[CP] Embed Pods Frameworks";
			outputPaths = (
				"${TARGET_BUILD_DIR}/${FRAMEWORKS_FOLDER_PATH}/Alamofire.framework",
				"${TARGET_BUILD_DIR}/${FRAMEWORKS_FOLDER_PATH}/AlamofireImage.framework",
			);
			runOnlyForDeploymentPostprocessing = 0;
			shellPath = /bin/sh;
			shellScript = "\"${SRCROOT}/Pods/Target Support Files/Pods-BardProject/Pods-BardProject-frameworks.sh\"\n";
			showEnvVarsInLog = 0;
		};
		779C88BE6A0A19C5BB4B3E10 /* [CP] Check Pods Manifest.lock */ = {
			isa = PBXShellScriptBuildPhase;
			buildActionMask = 2147483647;
			files = (
			);
			inputPaths = (
				"${PODS_PODFILE_DIR_PATH}/Podfile.lock",
				"${PODS_ROOT}/Manifest.lock",
			);
			name = "[CP] Check Pods Manifest.lock";
			outputPaths = (
				"$(DERIVED_FILE_DIR)/Pods-BardProject-checkManifestLockResult.txt",
			);
			runOnlyForDeploymentPostprocessing = 0;
			shellPath = /bin/sh;
			shellScript = "diff \"${PODS_PODFILE_DIR_PATH}/Podfile.lock\" \"${PODS_ROOT}/Manifest.lock\" > /dev/null\nif [ $? != 0 ] ; then\n    # print error to STDERR\n    echo \"error: The sandbox is not in sync with the Podfile.lock. Run 'pod install' or update your CocoaPods installation.\" >&2\n    exit 1\nfi\n# This output is used by Xcode 'outputs' to avoid re-running this script phase.\necho \"SUCCESS\" > \"${SCRIPT_OUTPUT_FILE_0}\"\n";
			showEnvVarsInLog = 0;
		};
		9A66A10DE96FB4849743D9E4 /* [CP] Copy Pods Resources */ = {
			isa = PBXShellScriptBuildPhase;
			buildActionMask = 2147483647;
			files = (
			);
			inputPaths = (
			);
			name = "[CP] Copy Pods Resources";
			outputPaths = (
			);
			runOnlyForDeploymentPostprocessing = 0;
			shellPath = /bin/sh;
			shellScript = "\"${SRCROOT}/Pods/Target Support Files/Pods-BardProject/Pods-BardProject-resources.sh\"\n";
			showEnvVarsInLog = 0;
		};
/* End PBXShellScriptBuildPhase section */

/* Begin PBXSourcesBuildPhase section */
		9F9CED121FD2E0FE0028261C /* Sources */ = {
			isa = PBXSourcesBuildPhase;
			buildActionMask = 2147483647;
			files = (
				9F49A6A11FD32CB9002080D7 /* CategoryCell.swift in Sources */,
				BA472D131FD31390007C77B4 /* UIImage+Extension.swift in Sources */,
				9F9CED1C1FD2E0FE0028261C /* CategoryViewController.swift in Sources */,
				BA472D221FD32F4F007C77B4 /* SuggestionCell.swift in Sources */,
				9F9CED1A1FD2E0FE0028261C /* AppDelegate.swift in Sources */,
				9F49A69D1FD311A3002080D7 /* Media.swift in Sources */,
				9F49A69F1FD311E2002080D7 /* MediaService.swift in Sources */,
				BA472D171FD3171D007C77B4 /* Segues.swift in Sources */,
				BA472D1A1FD3194F007C77B4 /* SlideCell.swift in Sources */,
				BA472D1D1FD31B7A007C77B4 /* SlidesViewController.swift in Sources */,
				9F49A6911FD2F307002080D7 /* CategoryService.swift in Sources */,
				9FD956FA1FD2E7B20072535C /* Category.swift in Sources */,
				BA472D1F1FD32EED007C77B4 /* SuggestionsViewController.swift in Sources */,
				9F49A6961FD2F68F002080D7 /* MasterSlideViewController.swift in Sources */,
				9F49A6A31FD32CFF002080D7 /* UIView+Extension.swift in Sources */,
				9F49A6931FD2F335002080D7 /* BardApi.swift in Sources */,
				9F49A68E1FD2F28C002080D7 /* Network.swift in Sources */,
				9F49A69B1FD31009002080D7 /* MediaContract.swift in Sources */,
				9F7AAA071FD2EDCD004845DD /* CALayer+Extension.swift in Sources */,
				9F49A6991FD3095E002080D7 /* CategoryContract.swift in Sources */,
			);
			runOnlyForDeploymentPostprocessing = 0;
		};
/* End PBXSourcesBuildPhase section */

/* Begin PBXVariantGroup section */
		9F9CED1D1FD2E0FE0028261C /* Main.storyboard */ = {
			isa = PBXVariantGroup;
			children = (
				9F9CED1E1FD2E0FE0028261C /* Base */,
			);
			name = Main.storyboard;
			sourceTree = "<group>";
		};
		9F9CED221FD2E0FE0028261C /* LaunchScreen.storyboard */ = {
			isa = PBXVariantGroup;
			children = (
				9F9CED231FD2E0FE0028261C /* Base */,
			);
			name = LaunchScreen.storyboard;
			sourceTree = "<group>";
		};
/* End PBXVariantGroup section */

/* Begin XCBuildConfiguration section */
		9F9CED261FD2E0FE0028261C /* Debug */ = {
			isa = XCBuildConfiguration;
			buildSettings = {
				ALWAYS_SEARCH_USER_PATHS = NO;
				CLANG_ANALYZER_NONNULL = YES;
				CLANG_ANALYZER_NUMBER_OBJECT_CONVERSION = YES_AGGRESSIVE;
				CLANG_CXX_LANGUAGE_STANDARD = "gnu++14";
				CLANG_CXX_LIBRARY = "libc++";
				CLANG_ENABLE_MODULES = YES;
				CLANG_ENABLE_OBJC_ARC = YES;
				CLANG_WARN_BLOCK_CAPTURE_AUTORELEASING = YES;
				CLANG_WARN_BOOL_CONVERSION = YES;
				CLANG_WARN_COMMA = YES;
				CLANG_WARN_CONSTANT_CONVERSION = YES;
				CLANG_WARN_DIRECT_OBJC_ISA_USAGE = YES_ERROR;
				CLANG_WARN_DOCUMENTATION_COMMENTS = YES;
				CLANG_WARN_EMPTY_BODY = YES;
				CLANG_WARN_ENUM_CONVERSION = YES;
				CLANG_WARN_INFINITE_RECURSION = YES;
				CLANG_WARN_INT_CONVERSION = YES;
				CLANG_WARN_NON_LITERAL_NULL_CONVERSION = YES;
				CLANG_WARN_OBJC_LITERAL_CONVERSION = YES;
				CLANG_WARN_OBJC_ROOT_CLASS = YES_ERROR;
				CLANG_WARN_RANGE_LOOP_ANALYSIS = YES;
				CLANG_WARN_STRICT_PROTOTYPES = YES;
				CLANG_WARN_SUSPICIOUS_MOVE = YES;
				CLANG_WARN_UNGUARDED_AVAILABILITY = YES_AGGRESSIVE;
				CLANG_WARN_UNREACHABLE_CODE = YES;
				CLANG_WARN__DUPLICATE_METHOD_MATCH = YES;
				CODE_SIGN_IDENTITY = "iPhone Developer";
				COPY_PHASE_STRIP = NO;
				DEBUG_INFORMATION_FORMAT = dwarf;
				ENABLE_STRICT_OBJC_MSGSEND = YES;
				ENABLE_TESTABILITY = YES;
				GCC_C_LANGUAGE_STANDARD = gnu11;
				GCC_DYNAMIC_NO_PIC = NO;
				GCC_NO_COMMON_BLOCKS = YES;
				GCC_OPTIMIZATION_LEVEL = 0;
				GCC_PREPROCESSOR_DEFINITIONS = (
					"DEBUG=1",
					"$(inherited)",
				);
				GCC_WARN_64_TO_32_BIT_CONVERSION = YES;
				GCC_WARN_ABOUT_RETURN_TYPE = YES_ERROR;
				GCC_WARN_UNDECLARED_SELECTOR = YES;
				GCC_WARN_UNINITIALIZED_AUTOS = YES_AGGRESSIVE;
				GCC_WARN_UNUSED_FUNCTION = YES;
				GCC_WARN_UNUSED_VARIABLE = YES;
				IPHONEOS_DEPLOYMENT_TARGET = 11.1;
				MTL_ENABLE_DEBUG_INFO = YES;
				ONLY_ACTIVE_ARCH = YES;
				SDKROOT = iphoneos;
				SWIFT_ACTIVE_COMPILATION_CONDITIONS = DEBUG;
				SWIFT_OPTIMIZATION_LEVEL = "-Onone";
			};
			name = Debug;
		};
		9F9CED271FD2E0FE0028261C /* Release */ = {
			isa = XCBuildConfiguration;
			buildSettings = {
				ALWAYS_SEARCH_USER_PATHS = NO;
				CLANG_ANALYZER_NONNULL = YES;
				CLANG_ANALYZER_NUMBER_OBJECT_CONVERSION = YES_AGGRESSIVE;
				CLANG_CXX_LANGUAGE_STANDARD = "gnu++14";
				CLANG_CXX_LIBRARY = "libc++";
				CLANG_ENABLE_MODULES = YES;
				CLANG_ENABLE_OBJC_ARC = YES;
				CLANG_WARN_BLOCK_CAPTURE_AUTORELEASING = YES;
				CLANG_WARN_BOOL_CONVERSION = YES;
				CLANG_WARN_COMMA = YES;
				CLANG_WARN_CONSTANT_CONVERSION = YES;
				CLANG_WARN_DIRECT_OBJC_ISA_USAGE = YES_ERROR;
				CLANG_WARN_DOCUMENTATION_COMMENTS = YES;
				CLANG_WARN_EMPTY_BODY = YES;
				CLANG_WARN_ENUM_CONVERSION = YES;
				CLANG_WARN_INFINITE_RECURSION = YES;
				CLANG_WARN_INT_CONVERSION = YES;
				CLANG_WARN_NON_LITERAL_NULL_CONVERSION = YES;
				CLANG_WARN_OBJC_LITERAL_CONVERSION = YES;
				CLANG_WARN_OBJC_ROOT_CLASS = YES_ERROR;
				CLANG_WARN_RANGE_LOOP_ANALYSIS = YES;
				CLANG_WARN_STRICT_PROTOTYPES = YES;
				CLANG_WARN_SUSPICIOUS_MOVE = YES;
				CLANG_WARN_UNGUARDED_AVAILABILITY = YES_AGGRESSIVE;
				CLANG_WARN_UNREACHABLE_CODE = YES;
				CLANG_WARN__DUPLICATE_METHOD_MATCH = YES;
				CODE_SIGN_IDENTITY = "iPhone Developer";
				COPY_PHASE_STRIP = NO;
				DEBUG_INFORMATION_FORMAT = "dwarf-with-dsym";
				ENABLE_NS_ASSERTIONS = NO;
				ENABLE_STRICT_OBJC_MSGSEND = YES;
				GCC_C_LANGUAGE_STANDARD = gnu11;
				GCC_NO_COMMON_BLOCKS = YES;
				GCC_WARN_64_TO_32_BIT_CONVERSION = YES;
				GCC_WARN_ABOUT_RETURN_TYPE = YES_ERROR;
				GCC_WARN_UNDECLARED_SELECTOR = YES;
				GCC_WARN_UNINITIALIZED_AUTOS = YES_AGGRESSIVE;
				GCC_WARN_UNUSED_FUNCTION = YES;
				GCC_WARN_UNUSED_VARIABLE = YES;
				IPHONEOS_DEPLOYMENT_TARGET = 11.1;
				MTL_ENABLE_DEBUG_INFO = NO;
				SDKROOT = iphoneos;
				SWIFT_OPTIMIZATION_LEVEL = "-Owholemodule";
				VALIDATE_PRODUCT = YES;
			};
			name = Release;
		};
		9F9CED291FD2E0FE0028261C /* Debug */ = {
			isa = XCBuildConfiguration;
			baseConfigurationReference = 1E28613763CBE124A867A1FE /* Pods-BardProject.debug.xcconfig */;
			buildSettings = {
				ASSETCATALOG_COMPILER_APPICON_NAME = AppIcon;
				CODE_SIGN_STYLE = Automatic;
				DEVELOPMENT_TEAM = MY789Q7PK7;
				INFOPLIST_FILE = BardProject/Info.plist;
				LD_RUNPATH_SEARCH_PATHS = "$(inherited) @executable_path/Frameworks";
				PRODUCT_BUNDLE_IDENTIFIER = com.bard.BardProject;
				PRODUCT_NAME = "$(TARGET_NAME)";
				SWIFT_VERSION = 4.0;
				TARGETED_DEVICE_FAMILY = "1,2";
			};
			name = Debug;
		};
		9F9CED2A1FD2E0FE0028261C /* Release */ = {
			isa = XCBuildConfiguration;
			baseConfigurationReference = 56431DAC0CCEA390C0A3BEA9 /* Pods-BardProject.release.xcconfig */;
			buildSettings = {
				ASSETCATALOG_COMPILER_APPICON_NAME = AppIcon;
				CODE_SIGN_STYLE = Automatic;
				DEVELOPMENT_TEAM = MY789Q7PK7;
				INFOPLIST_FILE = BardProject/Info.plist;
				LD_RUNPATH_SEARCH_PATHS = "$(inherited) @executable_path/Frameworks";
				PRODUCT_BUNDLE_IDENTIFIER = com.bard.BardProject;
				PRODUCT_NAME = "$(TARGET_NAME)";
				SWIFT_VERSION = 4.0;
				TARGETED_DEVICE_FAMILY = "1,2";
			};
			name = Release;
		};
/* End XCBuildConfiguration section */

/* Begin XCConfigurationList section */
		9F9CED111FD2E0FE0028261C /* Build configuration list for PBXProject "BardProject" */ = {
			isa = XCConfigurationList;
			buildConfigurations = (
				9F9CED261FD2E0FE0028261C /* Debug */,
				9F9CED271FD2E0FE0028261C /* Release */,
			);
			defaultConfigurationIsVisible = 0;
			defaultConfigurationName = Release;
		};
		9F9CED281FD2E0FE0028261C /* Build configuration list for PBXNativeTarget "BardProject" */ = {
			isa = XCConfigurationList;
			buildConfigurations = (
				9F9CED291FD2E0FE0028261C /* Debug */,
				9F9CED2A1FD2E0FE0028261C /* Release */,
			);
			defaultConfigurationIsVisible = 0;
			defaultConfigurationName = Release;
		};
/* End XCConfigurationList section */
	};
	rootObject = 9F9CED0E1FD2E0FE0028261C /* Project object */;
}
